
Microsoft Visual Studio Solution File, Format Version 12.00
# Visual Studio Version 16
VisualStudioVersion = 16.0.31727.386
MinimumVisualStudioVersion = 10.0.40219.1
Project("{FAE04EC0-301F-11D3-BF4B-00C04F79EFBC}") = "Akatsuki_ThiGiuaKy", "Akatsuki_ThiGiuaKy\Akatsuki_ThiGiuaKy.csproj", "{0CD34D59-F5DB-423A-BA3B-4EB877A349DC}"
EndProject
Global
	GlobalSection(SolutionConfigurationPlatforms) = preSolution
		Debug|Any CPU = Debug|Any CPU
		Release|Any CPU = Release|Any CPU
	EndGlobalSection
	GlobalSection(ProjectConfigurationPlatforms) = postSolution
		{0CD34D59-F5DB-423A-BA3B-4EB877A349DC}.Debug|Any CPU.ActiveCfg = Debug|Any CPU
		{0CD34D59-F5DB-423A-BA3B-4EB877A349DC}.Debug|Any CPU.Build.0 = Debug|Any CPU
		{0CD34D59-F5DB-423A-BA3B-4EB877A349DC}.Release|Any CPU.ActiveCfg = Release|Any CPU
		{0CD34D59-F5DB-423A-BA3B-4EB877A349DC}.Release|Any CPU.Build.0 = Release|Any CPU
	EndGlobalSection
	GlobalSection(SolutionProperties) = preSolution
		HideSolutionNode = FALSE
	EndGlobalSection
	GlobalSection(ExtensibilityGlobals) = postSolution
		SolutionGuid = {F8515E6F-DE90-4C9B-A68D-30EAEBF19D53}
	EndGlobalSection
EndGlobal
